
Microsoft Visual Studio Solution File, Format Version 12.00
# Visual Studio 15
VisualStudioVersion = 15.0.28307.1082
MinimumVisualStudioVersion = 10.0.40219.1
Project("{FAE04EC0-301F-11D3-BF4B-00C04F79EFBC}") = "XJob", "XJob\XJob.csproj", "{EC4BB509-5014-4A24-A396-A8731A5F5C37}"
EndProject
Global
	GlobalSection(SolutionConfigurationPlatforms) = preSolution
		Debug|Any CPU = Debug|Any CPU
		Release|Any CPU = Release|Any CPU
	EndGlobalSection
	GlobalSection(ProjectConfigurationPlatforms) = postSolution
		{EC4BB509-5014-4A24-A396-A8731A5F5C37}.Debug|Any CPU.ActiveCfg = Debug|Any CPU
		{EC4BB509-5014-4A24-A396-A8731A5F5C37}.Debug|Any CPU.Build.0 = Debug|Any CPU
		{EC4BB509-5014-4A24-A396-A8731A5F5C37}.Release|Any CPU.ActiveCfg = Release|Any CPU
		{EC4BB509-5014-4A24-A396-A8731A5F5C37}.Release|Any CPU.Build.0 = Release|Any CPU
	EndGlobalSection
	GlobalSection(SolutionProperties) = preSolution
		HideSolutionNode = FALSE
	EndGlobalSection
	GlobalSection(ExtensibilityGlobals) = postSolution
		SolutionGuid = {3104297E-607C-4C69-AE73-2C7AD2E1D581}
	EndGlobalSection
EndGlobal
